# This file is automatically @generated by Poetry 2.4.1 and should not be changed by hand.

[[package]]
name = "faker"
version = "40.23.0"
description = "Faker is a Python package that generates fake data for you."
optional = false
python-versions = ">=3.10"
groups = ["main"]
files = [
    {file = "faker-40.23.0-py3-none-any.whl", hash = "sha256:775922453e54afa42eaf60eac478fa3a969357f224d09a8022b93e3ad88f18ae"},
    {file = "faker-40.23.0.tar.gz", hash = "sha256:f135e563f1f95f19346bb680bc2e43570bc43b7893e566023746f51f32c69dfc"},
]

[package.dependencies]
tzdata = {version = "*", markers = "platform_system == \"Windows\""}

[package.extras]
tzdata = ["tzdata"]

[[package]]
name = "tzdata"
version = "2026.2"
description = "Provider of IANA time zone data"
optional = false
python-versions = ">=2"
groups = ["main"]
markers = "platform_system == \"Windows\""
files = [
    {file = "tzdata-2026.2-py2.py3-none-any.whl", hash = "sha256:bbe9af844f658da81a5f95019480da3a89415801f6cc966806612cc7169bffe7"},
    {file = "tzdata-2026.2.tar.gz", hash = "sha256:9173fde7d80d9018e02a662e168e5a2d04f87c41ea174b139fbef642eda62d10"},
]

[metadata]
lock-version = "2.1"
python-versions = ">=3.14"
content-hash = "f06119f8b48c0faaabd2e44ffe0e6c4088b1b83b8a8d3cca00ccb583fcce9184"
